
Microsoft Visual Studio Solution File, Format Version 12.00
# Visual Studio Version 16
VisualStudioVersion = 16.0.29509.3
MinimumVisualStudioVersion = 10.0.40219.1
Project("{FAE04EC0-301F-11D3-BF4B-00C04F79EFBC}") = "gerAcademic", "gerAcademic\gerAcademic.csproj", "{51010738-ED1C-4FD1-AF21-F9E153D5B236}"
EndProject
Global
	GlobalSection(SolutionConfigurationPlatforms) = preSolution
		Debug|Any CPU = Debug|Any CPU
		Release|Any CPU = Release|Any CPU
	EndGlobalSection
	GlobalSection(ProjectConfigurationPlatforms) = postSolution
		{51010738-ED1C-4FD1-AF21-F9E153D5B236}.Debug|Any CPU.ActiveCfg = Debug|Any CPU
		{51010738-ED1C-4FD1-AF21-F9E153D5B236}.Debug|Any CPU.Build.0 = Debug|Any CPU
		{51010738-ED1C-4FD1-AF21-F9E153D5B236}.Release|Any CPU.ActiveCfg = Release|Any CPU
		{51010738-ED1C-4FD1-AF21-F9E153D5B236}.Release|Any CPU.Build.0 = Release|Any CPU
	EndGlobalSection
	GlobalSection(SolutionProperties) = preSolution
		HideSolutionNode = FALSE
	EndGlobalSection
	GlobalSection(ExtensibilityGlobals) = postSolution
		SolutionGuid = {C32439CA-F2C1-40FD-BA71-30C5495BE91C}
	EndGlobalSection
EndGlobal
